
Microsoft Visual Studio Solution File, Format Version 12.00
# Visual Studio Version 16
VisualStudioVersion = 16.0.30621.155
MinimumVisualStudioVersion = 10.0.40219.1
Project("{FAE04EC0-301F-11D3-BF4B-00C04F79EFBC}") = "ContactsAPI", "ContactsAPI.csproj", "{9FB33071-537D-4895-9869-DDEE4B8E167F}"
EndProject
Global
	GlobalSection(SolutionConfigurationPlatforms) = preSolution
		Debug|Any CPU = Debug|Any CPU
		Release|Any CPU = Release|Any CPU
	EndGlobalSection
	GlobalSection(ProjectConfigurationPlatforms) = postSolution
		{9FB33071-537D-4895-9869-DDEE4B8E167F}.Debug|Any CPU.ActiveCfg = Debug|Any CPU
		{9FB33071-537D-4895-9869-DDEE4B8E167F}.Debug|Any CPU.Build.0 = Debug|Any CPU
		{9FB33071-537D-4895-9869-DDEE4B8E167F}.Release|Any CPU.ActiveCfg = Release|Any CPU
		{9FB33071-537D-4895-9869-DDEE4B8E167F}.Release|Any CPU.Build.0 = Release|Any CPU
	EndGlobalSection
	GlobalSection(SolutionProperties) = preSolution
		HideSolutionNode = FALSE
	EndGlobalSection
	GlobalSection(ExtensibilityGlobals) = postSolution
		SolutionGuid = {E65D23A5-C92B-4326-B501-FF8032C977B3}
	EndGlobalSection
EndGlobal
